
Microsoft Visual Studio Solution File, Format Version 12.00
# Visual Studio Version 17
VisualStudioVersion = 17.3.32825.248
MinimumVisualStudioVersion = 10.0.40219.1
Project("{888888A0-9F3D-457C-B088-3A5042F75D52}") = "PythonExample", "PythonExample\PythonExample.pyproj", "{9F8AF93B-6B77-426A-8AAC-D57F650579F2}"
EndProject
Global
	GlobalSection(SolutionConfigurationPlatforms) = preSolution
		Debug|Any CPU = Debug|Any CPU
		Release|Any CPU = Release|Any CPU
	EndGlobalSection
	GlobalSection(ProjectConfigurationPlatforms) = postSolution
		{9F8AF93B-6B77-426A-8AAC-D57F650579F2}.Debug|Any CPU.ActiveCfg = Debug|Any CPU
		{9F8AF93B-6B77-426A-8AAC-D57F650579F2}.Release|Any CPU.ActiveCfg = Release|Any CPU
	EndGlobalSection
	GlobalSection(SolutionProperties) = preSolution
		HideSolutionNode = FALSE
	EndGlobalSection
	GlobalSection(ExtensibilityGlobals) = postSolution
		SolutionGuid = {22D50273-5EFE-4661-9AA8-CC3FC2F1B9F1}
	EndGlobalSection
EndGlobal
